lockfileVersion: '9.0'

settings:
  autoInstallPeers: true
  excludeLinksFromLockfile: false

importers:

  .:
    dependencies:
      playwright:
        specifier: ^1.63.0
        version: 1.63.0
    devDependencies:
      '@types/node':
        specifier: ^26.4.1
        version: 26.4.1

packages:

  '@types/node@26.4.1':
    resolution: {integrity: sha512-k97ENvZWtvA6yqz5/FS6a7duDgOPEeOQOc2iKS/nY6mX6qJUKtLnWzQS+Xj6tXweyj6ZcTAK2Qecetnvi9nCLA==}

  playwright-core@1.63.0:
    resolution: {integrity: sha512-rYCsBF/M5HjUch52bbtVONEFjv6Xu8sm8h72dNlR5bzIE1fvC/bxgspzkjSfU+MweEMmPM8KJebG6nnyxo5mCg==}
    engines: {node: '>=20'}
    hasBin: true

  playwright@1.63.0:
    resolution: {integrity: sha512-+7ziBLidS4NaNCdt57SUDT+wYmmd5fmiQejUic/kb+YsYSCPyOOE9sebzMjNmQrsnNpDJqd4WHvV/8lfKfUDUg==}
    engines: {node: '>=20'}
    hasBin: true

  undici-types@8.3.0:
    resolution: {integrity: sha512-j375ScV60dom+YkPFIfTLcOiPxkN/buHz5GobjLhixFuANaNs3C9l4GmrWqejgXWJ7BbJcFYpTEUkS1Ge8bpZQ==}

snapshots:

  '@types/node@26.4.1':
    dependencies:
      undici-types: 8.3.0

  playwright-core@1.63.0: {}

  playwright@1.63.0:
    dependencies:
      playwright-core: 1.63.0

  undici-types@8.3.0: {}
